// !$*UTF8*$!
{
	archiveVersion = 1;
	classes = {
	};
	objectVersion = 46;
	objects = {

/* Begin PBXBuildFile section */
		CB12347D175F79EA006F890E /* JDNWeatherTableViewController.m in Sources */ = {isa = PBXBuildFile; fileRef = CB12347C175F79EA006F890E /* JDNWeatherTableViewController.m */; };
		CB123481175F7DB3006F890E /* JDNWeatherFetcher.m in Sources */ = {isa = PBXBuildFile; fileRef = CB123480175F7DB3006F890E /* JDNWeatherFetcher.m */; };
		CB123484175F7DEF006F890E /* JDNDailyData.m in Sources */ = {isa = PBXBuildFile; fileRef = CB123483175F7DEF006F890E /* JDNDailyData.m */; };
		CB26ACAD1761C57100070F8C /* Zesser.png in Resources */ = {isa = PBXBuildFile; fileRef = CB26ACAC1761C57100070F8C /* Zesser.png */; };
		CB615EBF1754DF46004C1BA4 /* UIKit.framework in Frameworks */ = {isa = PBXBuildFile; fileRef = CB615EBE1754DF46004C1BA4 /* UIKit.framework */; };
		CB615EC11754DF46004C1BA4 /* Foundation.framework in Frameworks */ = {isa = PBXBuildFile; fileRef = CB615EC01754DF46004C1BA4 /* Foundation.framework */; };
		CB615EC31754DF46004C1BA4 /* CoreGraphics.framework in Frameworks */ = {isa = PBXBuildFile; fileRef = CB615EC21754DF46004C1BA4 /* CoreGraphics.framework */; };
		CB615EC91754DF46004C1BA4 /* InfoPlist.strings in Resources */ = {isa = PBXBuildFile; fileRef = CB615EC71754DF46004C1BA4 /* InfoPlist.strings */; };
		CB615ECB1754DF46004C1BA4 /* main.m in Sources */ = {isa = PBXBuildFile; fileRef = CB615ECA1754DF46004C1BA4 /* main.m */; };
		CB615ECF1754DF46004C1BA4 /* JDNAppDelegate.m in Sources */ = {isa = PBXBuildFile; fileRef = CB615ECE1754DF46004C1BA4 /* JDNAppDelegate.m */; };
		CB615ED11754DF46004C1BA4 /* Default.png in Resources */ = {isa = PBXBuildFile; fileRef = CB615ED01754DF46004C1BA4 /* Default.png */; };
		CB615ED31754DF46004C1BA4 /* Default@2x.png in Resources */ = {isa = PBXBuildFile; fileRef = CB615ED21754DF46004C1BA4 /* Default@2x.png */; };
		CB615ED51754DF47004C1BA4 /* Default-568h@2x.png in Resources */ = {isa = PBXBuildFile; fileRef = CB615ED41754DF46004C1BA4 /* Default-568h@2x.png */; };
		CB615ED81754DF47004C1BA4 /* MainStoryboard.storyboard in Resources */ = {isa = PBXBuildFile; fileRef = CB615ED61754DF47004C1BA4 /* MainStoryboard.storyboard */; };
		CB9BCC67175F8CE400996188 /* XPathQuery.m in Sources */ = {isa = PBXBuildFile; fileRef = CB9BCC66175F8CE400996188 /* XPathQuery.m */; };
		CB9BCC69175F8CF900996188 /* libxml2.dylib in Frameworks */ = {isa = PBXBuildFile; fileRef = CB9BCC68175F8CF900996188 /* libxml2.dylib */; };
		CB9BCC6F17608B1800996188 /* JDNCities.m in Sources */ = {isa = PBXBuildFile; fileRef = CB9BCC6E17608B1700996188 /* JDNCities.m */; };
		CB9BCC7217608B4400996188 /* JDNCity.m in Sources */ = {isa = PBXBuildFile; fileRef = CB9BCC7117608B4400996188 /* JDNCity.m */; };
		CB9BCC7617608DFE00996188 /* JDNCitiesTableViewController.m in Sources */ = {isa = PBXBuildFile; fileRef = CB9BCC7517608DFE00996188 /* JDNCitiesTableViewController.m */; };
		CB9BCC7D17609FDE00996188 /* JDNWeatherCell.m in Sources */ = {isa = PBXBuildFile; fileRef = CB9BCC7C17609FDE00996188 /* JDNWeatherCell.m */; };
		CB9BCC801760B39900996188 /* JDNSharedImages.m in Sources */ = {isa = PBXBuildFile; fileRef = CB9BCC7F1760B39900996188 /* JDNSharedImages.m */; };
		CB9BCC851760CCAD00996188 /* NSArray+LinqExtensions.m in Sources */ = {isa = PBXBuildFile; fileRef = CB9BCC821760CCAD00996188 /* NSArray+LinqExtensions.m */; };
		CB9BCC861760CCAD00996188 /* NSDictionary+LinqExtensions.m in Sources */ = {isa = PBXBuildFile; fileRef = CB9BCC841760CCAD00996188 /* NSDictionary+LinqExtensions.m */; };
		CBD7107B1761CFD400ACA525 /* JDNClientHelper.m in Sources */ = {isa = PBXBuildFile; fileRef = CBD7107A1761CFD400ACA525 /* JDNClientHelper.m */; };
		CBD7107E1761D2DB00ACA525 /* info_64.png in Resources */ = {isa = PBXBuildFile; fileRef = CBD7107D1761D2DB00ACA525 /* info_64.png */; };
		CBD710811761DB1100ACA525 /* JDNTestConnection.m in Sources */ = {isa = PBXBuildFile; fileRef = CBD710801761DB1100ACA525 /* JDNTestConnection.m */; };
		CBD710841761F48400ACA525 /* JDNSimpleWeatherCell.m in Sources */ = {isa = PBXBuildFile; fileRef = CBD710831761F48300ACA525 /* JDNSimpleWeatherCell.m */; };
/* End PBXBuildFile section */

/* Begin PBXFileReference section */
		CB12347B175F79EA006F890E /* JDNWeatherTableViewController.h */ = {isa = PBXFileReference; fileEncoding = 4; lastKnownFileType = sourcecode.c.h; path = JDNWeatherTableViewController.h; sourceTree = "<group>"; };
		CB12347C175F79EA006F890E /* JDNWeatherTableViewController.m */ = {isa = PBXFileReference; fileEncoding = 4; lastKnownFileType = sourcecode.c.objc; path = JDNWeatherTableViewController.m; sourceTree = "<group>"; };
		CB12347F175F7DB3006F890E /* JDNWeatherFetcher.h */ = {isa = PBXFileReference; fileEncoding = 4; lastKnownFileType = sourcecode.c.h; path = JDNWeatherFetcher.h; sourceTree = "<group>"; };
		CB123480175F7DB3006F890E /* JDNWeatherFetcher.m */ = {isa = PBXFileReference; fileEncoding = 4; lastKnownFileType = sourcecode.c.objc; path = JDNWeatherFetcher.m; sourceTree = "<group>"; };
		CB123482175F7DEF006F890E /* JDNDailyData.h */ = {isa = PBXFileReference; fileEncoding = 4; lastKnownFileType = sourcecode.c.h; path = JDNDailyData.h; sourceTree = "<group>"; };
		CB123483175F7DEF006F890E /* JDNDailyData.m */ = {isa = PBXFileReference; fileEncoding = 4; lastKnownFileType = sourcecode.c.objc; path = JDNDailyData.m; sourceTree = "<group>"; };
		CB26ACAC1761C57100070F8C /* Zesser.png */ = {isa = PBXFileReference; lastKnownFileType = image.png; path = Zesser.png; sourceTree = "<group>"; };
		CB615EBB1754DF46004C1BA4 /* Zesser.app */ = {isa = PBXFileReference; explicitFileType = wrapper.application; includeInIndex = 0; path = Zesser.app; sourceTree = BUILT_PRODUCTS_DIR; };
		CB615EBE1754DF46004C1BA4 /* UIKit.framework */ = {isa = PBXFileReference; lastKnownFileType = wrapper.framework; name = UIKit.framework; path = System/Library/Frameworks/UIKit.framework; sourceTree = SDKROOT; };
		CB615EC01754DF46004C1BA4 /* Foundation.framework */ = {isa = PBXFileReference; lastKnownFileType = wrapper.framework; name = Foundation.framework; path = System/Library/Frameworks/Foundation.framework; sourceTree = SDKROOT; };
		CB615EC21754DF46004C1BA4 /* CoreGraphics.framework */ = {isa = PBXFileReference; lastKnownFileType = wrapper.framework; name = CoreGraphics.framework; path = System/Library/Frameworks/CoreGraphics.framework; sourceTree = SDKROOT; };
		CB615EC61754DF46004C1BA4 /* Zesser-Info.plist */ = {isa = PBXFileReference; lastKnownFileType = text.plist.xml; path = "Zesser-Info.plist"; sourceTree = "<group>"; };
		CB615EC81754DF46004C1BA4 /* en */ = {isa = PBXFileReference; lastKnownFileType = text.plist.strings; name = en; path = en.lproj/InfoPlist.strings; sourceTree = "<group>"; };
		CB615ECA1754DF46004C1BA4 /* main.m */ = {isa = PBXFileReference; lastKnownFileType = sourcecode.c.objc; path = main.m; sourceTree = "<group>"; };
		CB615ECC1754DF46004C1BA4 /* Zesser-Prefix.pch */ = {isa = PBXFileReference; lastKnownFileType = sourcecode.c.h; path = "Zesser-Prefix.pch"; sourceTree = "<group>"; };
		CB615ECD1754DF46004C1BA4 /* JDNAppDelegate.h */ = {isa = PBXFileReference; lastKnownFileType = sourcecode.c.h; path = JDNAppDelegate.h; sourceTree = "<group>"; };
		CB615ECE1754DF46004C1BA4 /* JDNAppDelegate.m */ = {isa = PBXFileReference; lastKnownFileType = sourcecode.c.objc; path = JDNAppDelegate.m; sourceTree = "<group>"; };
		CB615ED01754DF46004C1BA4 /* Default.png */ = {isa = PBXFileReference; lastKnownFileType = image.png; path = Default.png; sourceTree = "<group>"; };
		CB615ED21754DF46004C1BA4 /* Default@2x.png */ = {isa = PBXFileReference; lastKnownFileType = image.png; path = "Default@2x.png"; sourceTree = "<group>"; };
		CB615ED41754DF46004C1BA4 /* Default-568h@2x.png */ = {isa = PBXFileReference; lastKnownFileType = image.png; path = "Default-568h@2x.png"; sourceTree = "<group>"; };
		CB615ED71754DF47004C1BA4 /* en */ = {isa = PBXFileReference; lastKnownFileType = file.storyboard; name = en; path = en.lproj/MainStoryboard.storyboard; sourceTree = "<group>"; };
		CB9BCC5B175F850400996188 /* JDNCommon.h */ = {isa = PBXFileReference; fileEncoding = 4; lastKnownFileType = sourcecode.c.h; path = JDNCommon.h; sourceTree = "<group>"; };
		CB9BCC65175F8CE400996188 /* XPathQuery.h */ = {isa = PBXFileReference; fileEncoding = 4; lastKnownFileType = sourcecode.c.h; path = XPathQuery.h; sourceTree = "<group>"; };
		CB9BCC66175F8CE400996188 /* XPathQuery.m */ = {isa = PBXFileReference; fileEncoding = 4; lastKnownFileType = sourcecode.c.objc; path = XPathQuery.m; sourceTree = "<group>"; };
		CB9BCC68175F8CF900996188 /* libxml2.dylib */ = {isa = PBXFileReference; lastKnownFileType = "compiled.mach-o.dylib"; name = libxml2.dylib; path = usr/lib/libxml2.dylib; sourceTree = SDKROOT; };
		CB9BCC6D17608B1700996188 /* JDNCities.h */ = {isa = PBXFileReference; fileEncoding = 4; lastKnownFileType = sourcecode.c.h; path = JDNCities.h; sourceTree = "<group>"; };
		CB9BCC6E17608B1700996188 /* JDNCities.m */ = {isa = PBXFileReference; fileEncoding = 4; lastKnownFileType = sourcecode.c.objc; path = JDNCities.m; sourceTree = "<group>"; };
		CB9BCC7017608B4400996188 /* JDNCity.h */ = {isa = PBXFileReference; fileEncoding = 4; lastKnownFileType = sourcecode.c.h; path = JDNCity.h; sourceTree = "<group>"; };
		CB9BCC7117608B4400996188 /* JDNCity.m */ = {isa = PBXFileReference; fileEncoding = 4; lastKnownFileType = sourcecode.c.objc; path = JDNCity.m; sourceTree = "<group>"; };
		CB9BCC7417608DFE00996188 /* JDNCitiesTableViewController.h */ = {isa = PBXFileReference; fileEncoding = 4; lastKnownFileType = sourcecode.c.h; path = JDNCitiesTableViewController.h; sourceTree = "<group>"; };
		CB9BCC7517608DFE00996188 /* JDNCitiesTableViewController.m */ = {isa = PBXFileReference; fileEncoding = 4; lastKnownFileType = sourcecode.c.objc; path = JDNCitiesTableViewController.m; sourceTree = "<group>"; };
		CB9BCC7B17609FDE00996188 /* JDNWeatherCell.h */ = {isa = PBXFileReference; fileEncoding = 4; lastKnownFileType = sourcecode.c.h; path = JDNWeatherCell.h; sourceTree = "<group>"; };
		CB9BCC7C17609FDE00996188 /* JDNWeatherCell.m */ = {isa = PBXFileReference; fileEncoding = 4; lastKnownFileType = sourcecode.c.objc; path = JDNWeatherCell.m; sourceTree = "<group>"; };
		CB9BCC7E1760B39900996188 /* JDNSharedImages.h */ = {isa = PBXFileReference; fileEncoding = 4; lastKnownFileType = sourcecode.c.h; path = JDNSharedImages.h; sourceTree = "<group>"; };
		CB9BCC7F1760B39900996188 /* JDNSharedImages.m */ = {isa = PBXFileReference; fileEncoding = 4; lastKnownFileType = sourcecode.c.objc; path = JDNSharedImages.m; sourceTree = "<group>"; };
		CB9BCC811760CCAD00996188 /* NSArray+LinqExtensions.h */ = {isa = PBXFileReference; fileEncoding = 4; lastKnownFileType = sourcecode.c.h; path = "NSArray+LinqExtensions.h"; sourceTree = "<group>"; };
		CB9BCC821760CCAD00996188 /* NSArray+LinqExtensions.m */ = {isa = PBXFileReference; fileEncoding = 4; lastKnownFileType = sourcecode.c.objc; path = "NSArray+LinqExtensions.m"; sourceTree = "<group>"; };
		CB9BCC831760CCAD00996188 /* NSDictionary+LinqExtensions.h */ = {isa = PBXFileReference; fileEncoding = 4; lastKnownFileType = sourcecode.c.h; path = "NSDictionary+LinqExtensions.h"; sourceTree = "<group>"; };
		CB9BCC841760CCAD00996188 /* NSDictionary+LinqExtensions.m */ = {isa = PBXFileReference; fileEncoding = 4; lastKnownFileType = sourcecode.c.objc; path = "NSDictionary+LinqExtensions.m"; sourceTree = "<group>"; };
		CBD710791761CFD400ACA525 /* JDNClientHelper.h */ = {isa = PBXFileReference; fileEncoding = 4; lastKnownFileType = sourcecode.c.h; path = JDNClientHelper.h; sourceTree = "<group>"; };
		CBD7107A1761CFD400ACA525 /* JDNClientHelper.m */ = {isa = PBXFileReference; fileEncoding = 4; lastKnownFileType = sourcecode.c.objc; path = JDNClientHelper.m; sourceTree = "<group>"; };
		CBD7107D1761D2DB00ACA525 /* info_64.png */ = {isa = PBXFileReference; lastKnownFileType = image.png; path = info_64.png; sourceTree = "<group>"; };
		CBD7107F1761DB1000ACA525 /* JDNTestConnection.h */ = {isa = PBXFileReference; fileEncoding = 4; lastKnownFileType = sourcecode.c.h; path = JDNTestConnection.h; sourceTree = "<group>"; };
		CBD710801761DB1100ACA525 /* JDNTestConnection.m */ = {isa = PBXFileReference; fileEncoding = 4; lastKnownFileType = sourcecode.c.objc; path = JDNTestConnection.m; sourceTree = "<group>"; };
		CBD710821761F48300ACA525 /* JDNSimpleWeatherCell.h */ = {isa = PBXFileReference; fileEncoding = 4; lastKnownFileType = sourcecode.c.h; path = JDNSimpleWeatherCell.h; sourceTree = "<group>"; };
		CBD710831761F48300ACA525 /* JDNSimpleWeatherCell.m */ = {isa = PBXFileReference; fileEncoding = 4; lastKnownFileType = sourcecode.c.objc; path = JDNSimpleWeatherCell.m; sourceTree = "<group>"; };
/* End PBXFileReference section */

/* Begin PBXFrameworksBuildPhase section */
		CB615EB81754DF46004C1BA4 /* Frameworks */ = {
			isa = PBXFrameworksBuildPhase;
			buildActionMask = 2147483647;
			files = (
				CB9BCC69175F8CF900996188 /* libxml2.dylib in Frameworks */,
				CB615EBF1754DF46004C1BA4 /* UIKit.framework in Frameworks */,
				CB615EC11754DF46004C1BA4 /* Foundation.framework in Frameworks */,
				CB615EC31754DF46004C1BA4 /* CoreGraphics.framework in Frameworks */,
			);
			runOnlyForDeploymentPostprocessing = 0;
		};
/* End PBXFrameworksBuildPhase section */

/* Begin PBXGroup section */
		CB12347E175F7B84006F890E /* Controllers */ = {
			isa = PBXGroup;
			children = (
				CB9BCC7417608DFE00996188 /* JDNCitiesTableViewController.h */,
				CB9BCC7517608DFE00996188 /* JDNCitiesTableViewController.m */,
				CB12347B175F79EA006F890E /* JDNWeatherTableViewController.h */,
				CB12347C175F79EA006F890E /* JDNWeatherTableViewController.m */,
			);
			name = Controllers;
			sourceTree = "<group>";
		};
		CB123485175F7E50006F890E /* Weather */ = {
			isa = PBXGroup;
			children = (
				CBD710821761F48300ACA525 /* JDNSimpleWeatherCell.h */,
				CBD710831761F48300ACA525 /* JDNSimpleWeatherCell.m */,
				CB123482175F7DEF006F890E /* JDNDailyData.h */,
				CB123483175F7DEF006F890E /* JDNDailyData.m */,
				CB9BCC7B17609FDE00996188 /* JDNWeatherCell.h */,
				CB9BCC7C17609FDE00996188 /* JDNWeatherCell.m */,
				CB12347F175F7DB3006F890E /* JDNWeatherFetcher.h */,
				CB123480175F7DB3006F890E /* JDNWeatherFetcher.m */,
				CB9BCC7317608B8200996188 /* City */,
			);
			name = Weather;
			sourceTree = "<group>";
		};
		CB26ACAE1761C63500070F8C /* XPathQuery */ = {
			isa = PBXGroup;
			children = (
				CB9BCC65175F8CE400996188 /* XPathQuery.h */,
				CB9BCC66175F8CE400996188 /* XPathQuery.m */,
			);
			name = XPathQuery;
			path = Zesser;
			sourceTree = "<group>";
		};
		CB26ACAF1761C64800070F8C /* Support */ = {
			isa = PBXGroup;
			children = (
				CB26ACAE1761C63500070F8C /* XPathQuery */,
				CB9BCC871760CCB300996188 /* LinqExtensions */,
			);
			name = Support;
			path = ..;
			sourceTree = "<group>";
		};
		CB615EB21754DF46004C1BA4 = {
			isa = PBXGroup;
			children = (
				CB26ACAC1761C57100070F8C /* Zesser.png */,
				CB9BCC68175F8CF900996188 /* libxml2.dylib */,
				CB615EC41754DF46004C1BA4 /* Zesser */,
				CB615EBD1754DF46004C1BA4 /* Frameworks */,
				CB615EBC1754DF46004C1BA4 /* Products */,
			);
			sourceTree = "<group>";
		};
		CB615EBC1754DF46004C1BA4 /* Products */ = {
			isa = PBXGroup;
			children = (
				CB615EBB1754DF46004C1BA4 /* Zesser.app */,
			);
			name = Products;
			sourceTree = "<group>";
		};
		CB615EBD1754DF46004C1BA4 /* Frameworks */ = {
			isa = PBXGroup;
			children = (
				CB615EBE1754DF46004C1BA4 /* UIKit.framework */,
				CB615EC01754DF46004C1BA4 /* Foundation.framework */,
				CB615EC21754DF46004C1BA4 /* CoreGraphics.framework */,
			);
			name = Frameworks;
			sourceTree = "<group>";
		};
		CB615EC41754DF46004C1BA4 /* Zesser */ = {
			isa = PBXGroup;
			children = (
				CB9BCC5B175F850400996188 /* JDNCommon.h */,
				CBD710791761CFD400ACA525 /* JDNClientHelper.h */,
				CBD7107A1761CFD400ACA525 /* JDNClientHelper.m */,
				CB9BCC7E1760B39900996188 /* JDNSharedImages.h */,
				CB9BCC7F1760B39900996188 /* JDNSharedImages.m */,
				CB26ACAF1761C64800070F8C /* Support */,
				CB123485175F7E50006F890E /* Weather */,
				CB12347E175F7B84006F890E /* Controllers */,
				CB615ECD1754DF46004C1BA4 /* JDNAppDelegate.h */,
				CB615ECE1754DF46004C1BA4 /* JDNAppDelegate.m */,
				CB615ED61754DF47004C1BA4 /* MainStoryboard.storyboard */,
				CBD7107C1761D2CE00ACA525 /* Resources */,
				CB615EC51754DF46004C1BA4 /* Supporting Files */,
				CBD7107F1761DB1000ACA525 /* JDNTestConnection.h */,
				CBD710801761DB1100ACA525 /* JDNTestConnection.m */,
			);
			path = Zesser;
			sourceTree = "<group>";
		};
		CB615EC51754DF46004C1BA4 /* Supporting Files */ = {
			isa = PBXGroup;
			children = (
				CB615EC61754DF46004C1BA4 /* Zesser-Info.plist */,
				CB615EC71754DF46004C1BA4 /* InfoPlist.strings */,
				CB615ECA1754DF46004C1BA4 /* main.m */,
				CB615ECC1754DF46004C1BA4 /* Zesser-Prefix.pch */,
				CB615ED01754DF46004C1BA4 /* Default.png */,
				CB615ED21754DF46004C1BA4 /* Default@2x.png */,
				CB615ED41754DF46004C1BA4 /* Default-568h@2x.png */,
			);
			name = "Supporting Files";
			sourceTree = "<group>";
		};
		CB9BCC7317608B8200996188 /* City */ = {
			isa = PBXGroup;
			children = (
				CB9BCC7017608B4400996188 /* JDNCity.h */,
				CB9BCC7117608B4400996188 /* JDNCity.m */,
				CB9BCC6D17608B1700996188 /* JDNCities.h */,
				CB9BCC6E17608B1700996188 /* JDNCities.m */,
			);
			name = City;
			sourceTree = "<group>";
		};
		CB9BCC871760CCB300996188 /* LinqExtensions */ = {
			isa = PBXGroup;
			children = (
				CB9BCC811760CCAD00996188 /* NSArray+LinqExtensions.h */,
				CB9BCC821760CCAD00996188 /* NSArray+LinqExtensions.m */,
				CB9BCC831760CCAD00996188 /* NSDictionary+LinqExtensions.h */,
				CB9BCC841760CCAD00996188 /* NSDictionary+LinqExtensions.m */,
			);
			name = LinqExtensions;
			sourceTree = "<group>";
		};
		CBD7107C1761D2CE00ACA525 /* Resources */ = {
			isa = PBXGroup;
			children = (
				CBD7107D1761D2DB00ACA525 /* info_64.png */,
			);
			name = Resources;
			path = ..;
			sourceTree = "<group>";
		};
/* End PBXGroup section */

/* Begin PBXNativeTarget section */
		CB615EBA1754DF46004C1BA4 /* Zesser */ = {
			isa = PBXNativeTarget;
			buildConfigurationList = CB615EDE1754DF47004C1BA4 /* Build configuration list for PBXNativeTarget "Zesser" */;
			buildPhases = (
				CB615EB71754DF46004C1BA4 /* Sources */,
				CB615EB81754DF46004C1BA4 /* Frameworks */,
				CB615EB91754DF46004C1BA4 /* Resources */,
			);
			buildRules = (
			);
			dependencies = (
			);
			name = Zesser;
			productName = Zesser;
			productReference = CB615EBB1754DF46004C1BA4 /* Zesser.app */;
			productType = "com.apple.product-type.application";
		};
/* End PBXNativeTarget section */

/* Begin PBXProject section */
		CB615EB31754DF46004C1BA4 /* Project object */ = {
			isa = PBXProject;
			attributes = {
				CLASSPREFIX = JDN;
				LastUpgradeCheck = 0460;
				ORGANIZATIONNAME = "Daniele Giove";
			};
			buildConfigurationList = CB615EB61754DF46004C1BA4 /* Build configuration list for PBXProject "Zesser" */;
			compatibilityVersion = "Xcode 3.2";
			developmentRegion = English;
			hasScannedForEncodings = 0;
			knownRegions = (
				en,
			);
			mainGroup = CB615EB21754DF46004C1BA4;
			productRefGroup = CB615EBC1754DF46004C1BA4 /* Products */;
			projectDirPath = "";
			projectRoot = "";
			targets = (
				CB615EBA1754DF46004C1BA4 /* Zesser */,
			);
		};
/* End PBXProject section */

/* Begin PBXResourcesBuildPhase section */
		CB615EB91754DF46004C1BA4 /* Resources */ = {
			isa = PBXResourcesBuildPhase;
			buildActionMask = 2147483647;
			files = (
				CB615EC91754DF46004C1BA4 /* InfoPlist.strings in Resources */,
				CB615ED11754DF46004C1BA4 /* Default.png in Resources */,
				CB615ED31754DF46004C1BA4 /* Default@2x.png in Resources */,
				CB615ED51754DF47004C1BA4 /* Default-568h@2x.png in Resources */,
				CB615ED81754DF47004C1BA4 /* MainStoryboard.storyboard in Resources */,
				CB26ACAD1761C57100070F8C /* Zesser.png in Resources */,
				CBD7107E1761D2DB00ACA525 /* info_64.png in Resources */,
			);
			runOnlyForDeploymentPostprocessing = 0;
		};
/* End PBXResourcesBuildPhase section */

/* Begin PBXSourcesBuildPhase section */
		CB615EB71754DF46004C1BA4 /* Sources */ = {
			isa = PBXSourcesBuildPhase;
			buildActionMask = 2147483647;
			files = (
				CB615ECB1754DF46004C1BA4 /* main.m in Sources */,
				CB615ECF1754DF46004C1BA4 /* JDNAppDelegate.m in Sources */,
				CB12347D175F79EA006F890E /* JDNWeatherTableViewController.m in Sources */,
				CB123481175F7DB3006F890E /* JDNWeatherFetcher.m in Sources */,
				CB123484175F7DEF006F890E /* JDNDailyData.m in Sources */,
				CB9BCC67175F8CE400996188 /* XPathQuery.m in Sources */,
				CB9BCC6F17608B1800996188 /* JDNCities.m in Sources */,
				CB9BCC7217608B4400996188 /* JDNCity.m in Sources */,
				CB9BCC7617608DFE00996188 /* JDNCitiesTableViewController.m in Sources */,
				CB9BCC7D17609FDE00996188 /* JDNWeatherCell.m in Sources */,
				CB9BCC801760B39900996188 /* JDNSharedImages.m in Sources */,
				CB9BCC851760CCAD00996188 /* NSArray+LinqExtensions.m in Sources */,
				CB9BCC861760CCAD00996188 /* NSDictionary+LinqExtensions.m in Sources */,
				CBD7107B1761CFD400ACA525 /* JDNClientHelper.m in Sources */,
				CBD710811761DB1100ACA525 /* JDNTestConnection.m in Sources */,
				CBD710841761F48400ACA525 /* JDNSimpleWeatherCell.m in Sources */,
			);
			runOnlyForDeploymentPostprocessing = 0;
		};
/* End PBXSourcesBuildPhase section */

/* Begin PBXVariantGroup section */
		CB615EC71754DF46004C1BA4 /* InfoPlist.strings */ = {
			isa = PBXVariantGroup;
			children = (
				CB615EC81754DF46004C1BA4 /* en */,
			);
			name = InfoPlist.strings;
			sourceTree = "<group>";
		};
		CB615ED61754DF47004C1BA4 /* MainStoryboard.storyboard */ = {
			isa = PBXVariantGroup;
			children = (
				CB615ED71754DF47004C1BA4 /* en */,
			);
			name = MainStoryboard.storyboard;
			sourceTree = "<group>";
		};
/* End PBXVariantGroup section */

/* Begin XCBuildConfiguration section */
		CB615EDC1754DF47004C1BA4 /* Debug */ = {
			isa = XCBuildConfiguration;
			buildSettings = {
				ALWAYS_SEARCH_USER_PATHS = NO;
				CLANG_CXX_LANGUAGE_STANDARD = "gnu++0x";
				CLANG_CXX_LIBRARY = "libc++";
				CLANG_ENABLE_OBJC_ARC = YES;
				CLANG_WARN_CONSTANT_CONVERSION = YES;
				CLANG_WARN_EMPTY_BODY = YES;
				CLANG_WARN_ENUM_CONVERSION = YES;
				CLANG_WARN_INT_CONVERSION = YES;
				CLANG_WARN__DUPLICATE_METHOD_MATCH = YES;
				"CODE_SIGN_IDENTITY[sdk=iphoneos*]" = "iPhone Developer";
				COPY_PHASE_STRIP = NO;
				GCC_C_LANGUAGE_STANDARD = gnu99;
				GCC_DYNAMIC_NO_PIC = NO;
				GCC_OPTIMIZATION_LEVEL = 0;
				GCC_PREPROCESSOR_DEFINITIONS = (
					"DEBUG=1",
					"$(inherited)",
				);
				GCC_SYMBOLS_PRIVATE_EXTERN = NO;
				GCC_WARN_ABOUT_RETURN_TYPE = YES;
				GCC_WARN_UNINITIALIZED_AUTOS = YES;
				GCC_WARN_UNUSED_VARIABLE = YES;
				IPHONEOS_DEPLOYMENT_TARGET = 6.1;
				ONLY_ACTIVE_ARCH = YES;
				SDKROOT = iphoneos;
			};
			name = Debug;
		};
		CB615EDD1754DF47004C1BA4 /* Release */ = {
			isa = XCBuildConfiguration;
			buildSettings = {
				ALWAYS_SEARCH_USER_PATHS = NO;
				CLANG_CXX_LANGUAGE_STANDARD = "gnu++0x";
				CLANG_CXX_LIBRARY = "libc++";
				CLANG_ENABLE_OBJC_ARC = YES;
				CLANG_WARN_CONSTANT_CONVERSION = YES;
				CLANG_WARN_EMPTY_BODY = YES;
				CLANG_WARN_ENUM_CONVERSION = YES;
				CLANG_WARN_INT_CONVERSION = YES;
				CLANG_WARN__DUPLICATE_METHOD_MATCH = YES;
				"CODE_SIGN_IDENTITY[sdk=iphoneos*]" = "iPhone Developer";
				COPY_PHASE_STRIP = YES;
				GCC_C_LANGUAGE_STANDARD = gnu99;
				GCC_WARN_ABOUT_RETURN_TYPE = YES;
				GCC_WARN_UNINITIALIZED_AUTOS = YES;
				GCC_WARN_UNUSED_VARIABLE = YES;
				IPHONEOS_DEPLOYMENT_TARGET = 6.1;
				OTHER_CFLAGS = "-DNS_BLOCK_ASSERTIONS=1";
				SDKROOT = iphoneos;
				VALIDATE_PRODUCT = YES;
			};
			name = Release;
		};
		CB615EDF1754DF47004C1BA4 /* Debug */ = {
			isa = XCBuildConfiguration;
			buildSettings = {
				GCC_PRECOMPILE_PREFIX_HEADER = YES;
				GCC_PREFIX_HEADER = "Zesser/Zesser-Prefix.pch";
				HEADER_SEARCH_PATHS = "$(SDKROOT)/usr/include/libxml2";
				INFOPLIST_FILE = "Zesser/Zesser-Info.plist";
				PRODUCT_NAME = "$(TARGET_NAME)";
				WRAPPER_EXTENSION = app;
			};
			name = Debug;
		};
		CB615EE01754DF47004C1BA4 /* Release */ = {
			isa = XCBuildConfiguration;
			buildSettings = {
				GCC_PRECOMPILE_PREFIX_HEADER = YES;
				GCC_PREFIX_HEADER = "Zesser/Zesser-Prefix.pch";
				HEADER_SEARCH_PATHS = "$(SDKROOT)/usr/include/libxml2";
				INFOPLIST_FILE = "Zesser/Zesser-Info.plist";
				PRODUCT_NAME = "$(TARGET_NAME)";
				WRAPPER_EXTENSION = app;
			};
			name = Release;
		};
/* End XCBuildConfiguration section */

/* Begin XCConfigurationList section */
		CB615EB61754DF46004C1BA4 /* Build configuration list for PBXProject "Zesser" */ = {
			isa = XCConfigurationList;
			buildConfigurations = (
				CB615EDC1754DF47004C1BA4 /* Debug */,
				CB615EDD1754DF47004C1BA4 /* Release */,
			);
			defaultConfigurationIsVisible = 0;
			defaultConfigurationName = Release;
		};
		CB615EDE1754DF47004C1BA4 /* Build configuration list for PBXNativeTarget "Zesser" */ = {
			isa = XCConfigurationList;
			buildConfigurations = (
				CB615EDF1754DF47004C1BA4 /* Debug */,
				CB615EE01754DF47004C1BA4 /* Release */,
			);
			defaultConfigurationIsVisible = 0;
			defaultConfigurationName = Release;
		};
/* End XCConfigurationList section */
	};
	rootObject = CB615EB31754DF46004C1BA4 /* Project object */;
}
